
Microsoft Visual Studio Solution File, Format Version 12.00
# Visual Studio Version 17
VisualStudioVersion = 17.0.31912.275
MinimumVisualStudioVersion = 10.0.40219.1
Project("{9A19103F-16F7-4668-BE54-9A1E7A4F7556}") = "Common", "ProductivityApp\Shared\Common.csproj", "{A22B1DC6-1955-473D-AB83-CDD00261732C}"
EndProject
Project("{2150E333-8FDC-42A3-9474-1A3956D46DE8}") = "Infrastructure", "Infrastructure", "{99198AFD-FCBB-4B45-B152-ACC195E1CBD1}"
EndProject
Project("{2150E333-8FDC-42A3-9474-1A3956D46DE8}") = "Core", "Core", "{492950DD-C93D-4AAC-81A9-72A3C6F223BC}"
EndProject
Project("{9A19103F-16F7-4668-BE54-9A1E7A4F7556}") = "Application", "Application\Application.csproj", "{8E5F314B-1184-44BC-841A-1F7D224FD812}"
EndProject
Project("{9A19103F-16F7-4668-BE54-9A1E7A4F7556}") = "Domain", "Domain\Domain.csproj", "{B0BF0E95-0D2F-42E8-84A5-B73900B8CD09}"
EndProject
Project("{9A19103F-16F7-4668-BE54-9A1E7A4F7556}") = "Infrastructure", "Infrastructure\Infrastructure.csproj", "{E775F042-A70F-45BC-997E-EF0C055E555B}"
EndProject
Project("{2150E333-8FDC-42A3-9474-1A3956D46DE8}") = "Presentation", "Presentation", "{38FBF1A1-CD3B-4031-85E5-8BC5478B0298}"
EndProject
Project("{2150E333-8FDC-42A3-9474-1A3956D46DE8}") = "Tests", "Tests", "{7227ED1C-15F9-4D51-BCDC-486D1E97E4A3}"
EndProject
Project("{9A19103F-16F7-4668-BE54-9A1E7A4F7556}") = "Persistence", "Persistence\Persistence.csproj", "{F2F331A9-D4FE-4F6F-8FC4-5CACBF2BE9E4}"
EndProject
Project("{9A19103F-16F7-4668-BE54-9A1E7A4F7556}") = "ProductivityAPI", "ProductivityAPI\ProductivityAPI.csproj", "{99A73B80-BEF7-4AB6-8C0D-CBD81D15E4D3}"
EndProject
Project("{9A19103F-16F7-4668-BE54-9A1E7A4F7556}") = "UI", "UI\UI.csproj", "{98A239FB-139B-4B88-AB50-3A972C12EBBC}"
EndProject
Global
	GlobalSection(SolutionConfigurationPlatforms) = preSolution
		Debug|Any CPU = Debug|Any CPU
		Release|Any CPU = Release|Any CPU
	EndGlobalSection
	GlobalSection(ProjectConfigurationPlatforms) = postSolution
		{A22B1DC6-1955-473D-AB83-CDD00261732C}.Debug|Any CPU.ActiveCfg = Debug|Any CPU
		{A22B1DC6-1955-473D-AB83-CDD00261732C}.Debug|Any CPU.Build.0 = Debug|Any CPU
		{A22B1DC6-1955-473D-AB83-CDD00261732C}.Release|Any CPU.ActiveCfg = Release|Any CPU
		{A22B1DC6-1955-473D-AB83-CDD00261732C}.Release|Any CPU.Build.0 = Release|Any CPU
		{8E5F314B-1184-44BC-841A-1F7D224FD812}.Debug|Any CPU.ActiveCfg = Debug|Any CPU
		{8E5F314B-1184-44BC-841A-1F7D224FD812}.Debug|Any CPU.Build.0 = Debug|Any CPU
		{8E5F314B-1184-44BC-841A-1F7D224FD812}.Release|Any CPU.ActiveCfg = Release|Any CPU
		{8E5F314B-1184-44BC-841A-1F7D224FD812}.Release|Any CPU.Build.0 = Release|Any CPU
		{B0BF0E95-0D2F-42E8-84A5-B73900B8CD09}.Debug|Any CPU.ActiveCfg = Debug|Any CPU
		{B0BF0E95-0D2F-42E8-84A5-B73900B8CD09}.Debug|Any CPU.Build.0 = Debug|Any CPU
		{B0BF0E95-0D2F-42E8-84A5-B73900B8CD09}.Release|Any CPU.ActiveCfg = Release|Any CPU
		{B0BF0E95-0D2F-42E8-84A5-B73900B8CD09}.Release|Any CPU.Build.0 = Release|Any CPU
		{E775F042-A70F-45BC-997E-EF0C055E555B}.Debug|Any CPU.ActiveCfg = Debug|Any CPU
		{E775F042-A70F-45BC-997E-EF0C055E555B}.Debug|Any CPU.Build.0 = Debug|Any CPU
		{E775F042-A70F-45BC-997E-EF0C055E555B}.Release|Any CPU.ActiveCfg = Release|Any CPU
		{E775F042-A70F-45BC-997E-EF0C055E555B}.Release|Any CPU.Build.0 = Release|Any CPU
		{F2F331A9-D4FE-4F6F-8FC4-5CACBF2BE9E4}.Debug|Any CPU.ActiveCfg = Debug|Any CPU
		{F2F331A9-D4FE-4F6F-8FC4-5CACBF2BE9E4}.Debug|Any CPU.Build.0 = Debug|Any CPU
		{F2F331A9-D4FE-4F6F-8FC4-5CACBF2BE9E4}.Release|Any CPU.ActiveCfg = Release|Any CPU
		{F2F331A9-D4FE-4F6F-8FC4-5CACBF2BE9E4}.Release|Any CPU.Build.0 = Release|Any CPU
		{99A73B80-BEF7-4AB6-8C0D-CBD81D15E4D3}.Debug|Any CPU.ActiveCfg = Debug|Any CPU
		{99A73B80-BEF7-4AB6-8C0D-CBD81D15E4D3}.Debug|Any CPU.Build.0 = Debug|Any CPU
		{99A73B80-BEF7-4AB6-8C0D-CBD81D15E4D3}.Release|Any CPU.ActiveCfg = Release|Any CPU
		{99A73B80-BEF7-4AB6-8C0D-CBD81D15E4D3}.Release|Any CPU.Build.0 = Release|Any CPU
		{98A239FB-139B-4B88-AB50-3A972C12EBBC}.Debug|Any CPU.ActiveCfg = Debug|Any CPU
		{98A239FB-139B-4B88-AB50-3A972C12EBBC}.Debug|Any CPU.Build.0 = Debug|Any CPU
		{98A239FB-139B-4B88-AB50-3A972C12EBBC}.Release|Any CPU.ActiveCfg = Release|Any CPU
		{98A239FB-139B-4B88-AB50-3A972C12EBBC}.Release|Any CPU.Build.0 = Release|Any CPU
	EndGlobalSection
	GlobalSection(SolutionProperties) = preSolution
		HideSolutionNode = FALSE
	EndGlobalSection
	GlobalSection(NestedProjects) = preSolution
		{A22B1DC6-1955-473D-AB83-CDD00261732C} = {492950DD-C93D-4AAC-81A9-72A3C6F223BC}
		{8E5F314B-1184-44BC-841A-1F7D224FD812} = {492950DD-C93D-4AAC-81A9-72A3C6F223BC}
		{B0BF0E95-0D2F-42E8-84A5-B73900B8CD09} = {492950DD-C93D-4AAC-81A9-72A3C6F223BC}
		{E775F042-A70F-45BC-997E-EF0C055E555B} = {99198AFD-FCBB-4B45-B152-ACC195E1CBD1}
		{F2F331A9-D4FE-4F6F-8FC4-5CACBF2BE9E4} = {99198AFD-FCBB-4B45-B152-ACC195E1CBD1}
		{99A73B80-BEF7-4AB6-8C0D-CBD81D15E4D3} = {38FBF1A1-CD3B-4031-85E5-8BC5478B0298}
		{98A239FB-139B-4B88-AB50-3A972C12EBBC} = {38FBF1A1-CD3B-4031-85E5-8BC5478B0298}
	EndGlobalSection
	GlobalSection(ExtensibilityGlobals) = postSolution
		SolutionGuid = {EF165108-79DF-4AB8-AC5F-BF166138AC20}
	EndGlobalSection
EndGlobal
