
Microsoft Visual Studio Solution File, Format Version 12.00
# Visual Studio Version 17
VisualStudioVersion = 17.0.31717.71
MinimumVisualStudioVersion = 10.0.40219.1
Project("{9A19103F-16F7-4668-BE54-9A1E7A4F7556}") = "UIproductivity", "UIproductivity.csproj", "{813B09F6-3163-4F70-8083-A7E4A115C9F3}"
EndProject
Global
	GlobalSection(SolutionConfigurationPlatforms) = preSolution
		Debug|Any CPU = Debug|Any CPU
		Release|Any CPU = Release|Any CPU
	EndGlobalSection
	GlobalSection(ProjectConfigurationPlatforms) = postSolution
		{813B09F6-3163-4F70-8083-A7E4A115C9F3}.Debug|Any CPU.ActiveCfg = Debug|Any CPU
		{813B09F6-3163-4F70-8083-A7E4A115C9F3}.Debug|Any CPU.Build.0 = Debug|Any CPU
		{813B09F6-3163-4F70-8083-A7E4A115C9F3}.Release|Any CPU.ActiveCfg = Release|Any CPU
		{813B09F6-3163-4F70-8083-A7E4A115C9F3}.Release|Any CPU.Build.0 = Release|Any CPU
	EndGlobalSection
	GlobalSection(SolutionProperties) = preSolution
		HideSolutionNode = FALSE
	EndGlobalSection
	GlobalSection(ExtensibilityGlobals) = postSolution
		SolutionGuid = {3B67C87E-3421-4418-A531-0FF629A3E7AE}
	EndGlobalSection
EndGlobal